
Microsoft Visual Studio Solution File, Format Version 12.00
# Visual Studio Version 17
VisualStudioVersion = 17.11.35327.3
MinimumVisualStudioVersion = 10.0.40219.1
Project("{FAE04EC0-301F-11D3-BF4B-00C04F79EFBC}") = "shopping cart", "shopping cart\shopping cart.csproj", "{8F661950-6FE0-4BF7-BC8A-CF6C9AC173DB}"
EndProject
Global
	GlobalSection(SolutionConfigurationPlatforms) = preSolution
		Debug|Any CPU = Debug|Any CPU
		Release|Any CPU = Release|Any CPU
	EndGlobalSection
	GlobalSection(ProjectConfigurationPlatforms) = postSolution
		{8F661950-6FE0-4BF7-BC8A-CF6C9AC173DB}.Debug|Any CPU.ActiveCfg = Debug|Any CPU
		{8F661950-6FE0-4BF7-BC8A-CF6C9AC173DB}.Debug|Any CPU.Build.0 = Debug|Any CPU
		{8F661950-6FE0-4BF7-BC8A-CF6C9AC173DB}.Release|Any CPU.ActiveCfg = Release|Any CPU
		{8F661950-6FE0-4BF7-BC8A-CF6C9AC173DB}.Release|Any CPU.Build.0 = Release|Any CPU
	EndGlobalSection
	GlobalSection(SolutionProperties) = preSolution
		HideSolutionNode = FALSE
	EndGlobalSection
	GlobalSection(ExtensibilityGlobals) = postSolution
		SolutionGuid = {00DDB445-BCF2-42AB-836B-91C5386CC156}
	EndGlobalSection
EndGlobal
